
Microsoft Visual Studio Solution File, Format Version 12.00
# Visual Studio Version 17
VisualStudioVersion = 17.14.36301.6
MinimumVisualStudioVersion = 10.0.40219.1
Project("{FAE04EC0-301F-11D3-BF4B-00C04F79EFBC}") = "ASP.NET.ASSIGNMENT", "ASP.NET.ASSIGNMENT\ASP.NET.ASSIGNMENT.csproj", "{E9D5A3F6-EC90-4D79-A6AD-D09FB39A2F4C}"
EndProject
Project("{FAE04EC0-301F-11D3-BF4B-00C04F79EFBC}") = "ASP.NET.ASSIGNMENT.SEE", "ASP.NET.HouseBrokerAPP\ASP.NET.ASSIGNMENT.SEE.csproj", "{0E60BD0B-4AF0-4E5D-B30C-68B84891B60A}"
EndProject
Project("{FAE04EC0-301F-11D3-BF4B-00C04F79EFBC}") = "ASP.NET.Utilities", "ASP.NET.Utilities\ASP.NET.Utilities.csproj", "{F14C1BB4-F732-41E8-B376-B482C56B1704}"
EndProject
Global
	GlobalSection(SolutionConfigurationPlatforms) = preSolution
		Debug|Any CPU = Debug|Any CPU
		Release|Any CPU = Release|Any CPU
	EndGlobalSection
	GlobalSection(ProjectConfigurationPlatforms) = postSolution
		{E9D5A3F6-EC90-4D79-A6AD-D09FB39A2F4C}.Debug|Any CPU.ActiveCfg = Debug|Any CPU
		{E9D5A3F6-EC90-4D79-A6AD-D09FB39A2F4C}.Debug|Any CPU.Build.0 = Debug|Any CPU
		{E9D5A3F6-EC90-4D79-A6AD-D09FB39A2F4C}.Release|Any CPU.ActiveCfg = Release|Any CPU
		{E9D5A3F6-EC90-4D79-A6AD-D09FB39A2F4C}.Release|Any CPU.Build.0 = Release|Any CPU
		{0E60BD0B-4AF0-4E5D-B30C-68B84891B60A}.Debug|Any CPU.ActiveCfg = Debug|Any CPU
		{0E60BD0B-4AF0-4E5D-B30C-68B84891B60A}.Debug|Any CPU.Build.0 = Debug|Any CPU
		{0E60BD0B-4AF0-4E5D-B30C-68B84891B60A}.Release|Any CPU.ActiveCfg = Release|Any CPU
		{0E60BD0B-4AF0-4E5D-B30C-68B84891B60A}.Release|Any CPU.Build.0 = Release|Any CPU
		{F14C1BB4-F732-41E8-B376-B482C56B1704}.Debug|Any CPU.ActiveCfg = Debug|Any CPU
		{F14C1BB4-F732-41E8-B376-B482C56B1704}.Debug|Any CPU.Build.0 = Debug|Any CPU
		{F14C1BB4-F732-41E8-B376-B482C56B1704}.Release|Any CPU.ActiveCfg = Release|Any CPU
		{F14C1BB4-F732-41E8-B376-B482C56B1704}.Release|Any CPU.Build.0 = Release|Any CPU
	EndGlobalSection
	GlobalSection(SolutionProperties) = preSolution
		HideSolutionNode = FALSE
	EndGlobalSection
	GlobalSection(ExtensibilityGlobals) = postSolution
		SolutionGuid = {1CE1ED3D-0867-44C8-997E-9B76A5FDF1C8}
	EndGlobalSection
EndGlobal
